
Microsoft Visual Studio Solution File, Format Version 12.00
# Visual Studio Version 16
VisualStudioVersion = 16.0.29709.97
MinimumVisualStudioVersion = 10.0.40219.1
Project("{FAE04EC0-301F-11D3-BF4B-00C04F79EFBC}") = "NorthwindEF", "NorthwindEF\NorthwindEF.csproj", "{03CE4D86-C13C-42B8-A5D9-8CACEE331B9B}"
EndProject
Global
	GlobalSection(SolutionConfigurationPlatforms) = preSolution
		Debug|Any CPU = Debug|Any CPU
		Release|Any CPU = Release|Any CPU
	EndGlobalSection
	GlobalSection(ProjectConfigurationPlatforms) = postSolution
		{03CE4D86-C13C-42B8-A5D9-8CACEE331B9B}.Debug|Any CPU.ActiveCfg = Debug|Any CPU
		{03CE4D86-C13C-42B8-A5D9-8CACEE331B9B}.Debug|Any CPU.Build.0 = Debug|Any CPU
		{03CE4D86-C13C-42B8-A5D9-8CACEE331B9B}.Release|Any CPU.ActiveCfg = Release|Any CPU
		{03CE4D86-C13C-42B8-A5D9-8CACEE331B9B}.Release|Any CPU.Build.0 = Release|Any CPU
	EndGlobalSection
	GlobalSection(SolutionProperties) = preSolution
		HideSolutionNode = FALSE
	EndGlobalSection
	GlobalSection(ExtensibilityGlobals) = postSolution
		SolutionGuid = {CBF0C9F7-D116-4EAE-8C3C-8275FF4B7AE8}
	EndGlobalSection
EndGlobal
